Microsoft Visual Studio Solution File, Format Version 12.00
# Visual Studio Version 17
VisualStudioVersion = 17.5.2.0
MinimumVisualStudioVersion = 10.0.40219.1
Project("{FAE04EC0-301F-11D3-BF4B-00C04F79EFBC}") = "New.Calculator", "New.Calculator.csproj", "{385DCC46-ADDC-AC69-0D82-E33C22513088}"
EndProject
Global
	GlobalSection(SolutionConfigurationPlatforms) = preSolution
		Debug|Any CPU = Debug|Any CPU
		Release|Any CPU = Release|Any CPU
	EndGlobalSection
	GlobalSection(ProjectConfigurationPlatforms) = postSolution
		{385DCC46-ADDC-AC69-0D82-E33C22513088}.Debug|Any CPU.ActiveCfg = Debug|Any CPU
		{385DCC46-ADDC-AC69-0D82-E33C22513088}.Debug|Any CPU.Build.0 = Debug|Any CPU
		{385DCC46-ADDC-AC69-0D82-E33C22513088}.Release|Any CPU.ActiveCfg = Release|Any CPU
		{385DCC46-ADDC-AC69-0D82-E33C22513088}.Release|Any CPU.Build.0 = Release|Any CPU
	EndGlobalSection
	GlobalSection(SolutionProperties) = preSolution
		HideSolutionNode = FALSE
	EndGlobalSection
	GlobalSection(ExtensibilityGlobals) = postSolution
		SolutionGuid = {038B1B42-F636-4A27-9423-2CC7A71B7F13}
	EndGlobalSection
EndGlobal
